github.com/RatNexus/CrawlerGoLib v0.0.0-20250917101217-50022c350f5a h1:lHqzwMpHfAItyMMrikmV7Yf4+rRpF+ZHU1CxFaVNg0M=
github.com/RatNexus/CrawlerGoLib v0.0.0-20250917101217-50022c350f5a/go.mod h1:mSA8MN7ro06ZcQ6yLyt5LzOhf+Y042O/JWL666XrxgY=
golang.org/x/net v0.44.0 h1:evd8IRDyfNBMBTTY5XRF1vaZlD+EmWx6x8PkhR04H/I=
golang.org/x/net v0.44.0/go.mod h1:ECOoLqd5U3Lhyeyo/QDCEVQ4sNgYsqvCZ722XogGieY=
